packages:
  apb:
    revision: 6ae8bf8d5eab5dc70d032231c01ab95e1c5774b9
    version: null
    source:
      Git: https://github.com/pulp-platform/apb.git
    dependencies:
    - common_cells
  axi:
    revision: 0ccc838fe06aeeb857eb83c6be9a915c4bf99566
    version: null
    source:
      Git: https://github.com/pulp-platform/axi.git
    dependencies:
    - common_cells
    - common_verification
    - tech_cells_generic
  axi_stream:
    revision: ce1547861f99ab3d8834d04aa36d2d4184a28df7
    version: null
    source:
      Git: https://github.com/pulp-platform/axi_stream.git
    dependencies:
    - common_cells
  common_cells:
    revision: 63b7c50d43e462b59506f69d341ff1e40202866d
    version: 2.0.0-beta.3
    source:
      Git: https://github.com/pulp-platform/common_cells.git
    dependencies:
    - common_verification
    - tech_cells_generic
  common_verification:
    revision: fb1885f48ea46164a10568aeff51884389f67ae3
    version: 0.2.5
    source:
      Git: https://github.com/pulp-platform/common_verification.git
    dependencies: []
  obi:
    revision: b69af4aa00630efd14b1c5cbf9bac977f23ce840
    version: null
    source:
      Git: https://github.com/pulp-platform/obi.git
    dependencies:
    - common_cells
    - common_verification
  tech_cells_generic:
    revision: 3a3de73632a06826b1bd9c65a0a2e92b32016845
    version: 0.2.14
    source:
      Git: https://github.com/pulp-platform/tech_cells_generic.git
    dependencies:
    - common_verification
