packages:
  apb:
    revision: c36e398b5e9b02f3a5fb1511be02764c94e1c413
    version: null
    source:
      Git: https://github.com/pulp-platform/apb.git
    dependencies:
    - common_cells
  axi:
    revision: a8c53cee2520d328d390c507c88818e8ac144c8c
    version: 0.39.10
    source:
      Git: https://github.com/pulp-platform/axi.git
    dependencies:
    - common_cells
    - common_verification
    - tech_cells_generic
  axi_stream:
    revision: 3bedc0bbd03d2325b5cd2140a3eedc131bf8bd6d
    version: null
    source:
      Git: https://github.com/pulp-platform/axi_stream.git
    dependencies:
    - common_cells
  common_cells:
    revision: 13f28aa0021fc22c0d01a12d618fda58d2c93239
    version: 1.33.0
    source:
      Git: https://github.com/pulp-platform/common_cells.git
    dependencies:
    - common_verification
    - tech_cells_generic
  common_verification:
    revision: 9c07fa860593b2caabd9b5681740c25fac04b878
    version: 0.2.3
    source:
      Git: https://github.com/pulp-platform/common_verification.git
    dependencies: []
  obi:
    revision: b69af4aa00630efd14b1c5cbf9bac977f23ce840
    version: null
    source:
      Git: https://github.com/pulp-platform/obi.git
    dependencies:
    - common_cells
    - common_verification
  register_interface:
    revision: 856f7adc0f5ca2dc8ce2e3d7099afb4c87c13c22
    version: null
    source:
      Git: https://github.com/pulp-platform/register_interface.git
    dependencies:
    - apb
    - axi
    - common_cells
    - common_verification
  tech_cells_generic:
    revision: 7968dd6e6180df2c644636bc6d2908a49f2190cf
    version: 0.2.13
    source:
      Git: https://github.com/pulp-platform/tech_cells_generic.git
    dependencies:
    - common_verification
