packages:
  axi:
    revision: 96f749dc4ae62ed6b90e44aabb5d9460f1b0d858
    version: 0.39.0-beta.3
    source:
      Git: https://github.com/pulp-platform/axi.git
    dependencies:
    - common_cells
    - common_verification
    - tech_cells_generic
  common_cells:
    revision: 4dc9413990622dcbf4b37a19f792834c800da5c7
    version: 1.28.0
    source:
      Git: https://github.com/pulp-platform/common_cells.git
    dependencies:
    - common_verification
    - tech_cells_generic
  common_verification:
    revision: 9c07fa860593b2caabd9b5681740c25fac04b878
    version: 0.2.3
    source:
      Git: https://github.com/pulp-platform/common_verification.git
    dependencies: []
  idma_backend:
    revision: null
    version: null
    source:
      Path: /home/tbenz/git/bslk/idma/idma-pd/mDMA/src/backend
    dependencies:
    - axi
    - common_cells
    - idma_pkg
    - tb_idma_backend
  idma_pkg:
    revision: null
    version: null
    source:
      Path: /home/tbenz/git/bslk/idma/idma-pd/mDMA/src/package
    dependencies:
    - axi
  register_interface:
    revision: 4632515363fcb1a8ab7735c996753631abf5c7ef
    version: null
    source:
      Git: https://github.com/TheMightyDuckOfDoom/register_interface.git
    dependencies:
    - axi
    - common_cells
  tb_idma_backend:
    revision: null
    version: null
    source:
      Path: /home/tbenz/git/bslk/idma/idma-pd/mDMA/src/backend/../../test
    dependencies:
    - axi
    - common_cells
    - idma_pkg
    - register_interface
  tech_cells_generic:
    revision: a9cae21902e75b1434328ecf36f85327ba5717de
    version: 0.2.11
    source:
      Git: https://github.com/pulp-platform/tech_cells_generic.git
    dependencies:
    - common_verification
